
Microsoft Visual Studio Solution File, Format Version 12.00
# Visual Studio Version 17
VisualStudioVersion = 17.8.34309.116
MinimumVisualStudioVersion = 10.0.40219.1
Project("{2150E333-8FDC-42A3-9474-1A3956D46DE8}") = "ApiGateway", "ApiGateway", "{610EB8A2-C763-423B-A4A7-755458ADAAEB}"
EndProject
Project("{2150E333-8FDC-42A3-9474-1A3956D46DE8}") = "Services", "Services", "{BE7CB6BA-D691-42BA-9BD2-2D0EC10D82C2}"
EndProject
Project("{E53339B2-1760-4266-BCC7-CA923CBCF16C}") = "docker-compose", "docker-compose.dcproj", "{93869F34-30A6-4EE5-B75B-B71FBD3B80E4}"
EndProject
Project("{9A19103F-16F7-4668-BE54-9A1E7A4F7556}") = "Catalog.API", "Services\Catalog.API\Catalog.API.csproj", "{5EF4C358-A674-420F-A2B6-DD1C7394DC7F}"
EndProject
Project("{9A19103F-16F7-4668-BE54-9A1E7A4F7556}") = "UserCard.API", "Services\UserCard.API\UserCard.API.csproj", "{457C0C75-EB57-4FAD-9F93-06FAE88BE390}"
EndProject
Project("{9A19103F-16F7-4668-BE54-9A1E7A4F7556}") = "Basket.API", "Services\Basket.API\Basket.API.csproj", "{40C879E7-72D8-4B86-B3D6-3C8D0AF275D0}"
EndProject
Project("{FAE04EC0-301F-11D3-BF4B-00C04F79EFBC}") = "OcelotAPIGateway", "ApiGateway\OcelotAPIGateway\OcelotAPIGateway.csproj", "{32587FBB-E9CC-4BCF-B05C-5E9BF1B88586}"
EndProject
Project("{2150E333-8FDC-42A3-9474-1A3956D46DE8}") = "Angular", "Angular", "{171F2ADA-1F8C-4790-B171-3CF551BEA6BA}"
EndProject
Project("{FAE04EC0-301F-11D3-BF4B-00C04F79EFBC}") = "User.API", "Services\User.API\User.API.csproj", "{D9C00074-9FA8-4127-A3BB-1CEC8F5A16D9}"
EndProject
Project("{2150E333-8FDC-42A3-9474-1A3956D46DE8}") = "Catalog", "Catalog", "{3048BCEB-890A-4014-BD71-F3979E53E1DA}"
EndProject
Project("{FAE04EC0-301F-11D3-BF4B-00C04F79EFBC}") = "Catalog.DAL", "Services\Catalog.DAL\Catalog.DAL.csproj", "{8F2021EE-32E8-48E5-9B39-C8534679A9EF}"
EndProject
Project("{FAE04EC0-301F-11D3-BF4B-00C04F79EFBC}") = "Catalog.BLL", "Services\Catalog.BLL\Catalog.BLL.csproj", "{1F98599E-6376-471D-89D1-D2E5097A41AB}"
EndProject
Project("{2150E333-8FDC-42A3-9474-1A3956D46DE8}") = "User", "User", "{4A8FD09A-8AF6-4173-83CE-C125B0F5E704}"
EndProject
Project("{2150E333-8FDC-42A3-9474-1A3956D46DE8}") = "UserCard", "UserCard", "{3F571606-23E5-4817-9FC1-1AA15EDA9981}"
EndProject
Project("{FAE04EC0-301F-11D3-BF4B-00C04F79EFBC}") = "User.BLL", "Services\User.BLL\User.BLL.csproj", "{911F774C-7284-4C0E-875C-AF458D3C8A76}"
EndProject
Project("{FAE04EC0-301F-11D3-BF4B-00C04F79EFBC}") = "User.DAL", "Services\User.DAL\User.DAL.csproj", "{759BED2A-A297-4FB2-87C6-4D3F21C75BBD}"
EndProject
Project("{FAE04EC0-301F-11D3-BF4B-00C04F79EFBC}") = "UserCard.BLL", "Services\UserCard.BLL\UserCard.BLL.csproj", "{79CE25FE-D313-470B-8703-CB9A85880229}"
EndProject
Project("{FAE04EC0-301F-11D3-BF4B-00C04F79EFBC}") = "UserCard.DAL", "Services\UserCard.DAL\UserCard.DAL.csproj", "{26CEF36D-4418-4EED-9FB0-381261EBE6BC}"
EndProject
Global
	GlobalSection(SolutionConfigurationPlatforms) = preSolution
		Debug|Any CPU = Debug|Any CPU
		Release|Any CPU = Release|Any CPU
	EndGlobalSection
	GlobalSection(ProjectConfigurationPlatforms) = postSolution
		{93869F34-30A6-4EE5-B75B-B71FBD3B80E4}.Debug|Any CPU.ActiveCfg = Debug|Any CPU
		{93869F34-30A6-4EE5-B75B-B71FBD3B80E4}.Debug|Any CPU.Build.0 = Debug|Any CPU
		{93869F34-30A6-4EE5-B75B-B71FBD3B80E4}.Release|Any CPU.ActiveCfg = Release|Any CPU
		{93869F34-30A6-4EE5-B75B-B71FBD3B80E4}.Release|Any CPU.Build.0 = Release|Any CPU
		{5EF4C358-A674-420F-A2B6-DD1C7394DC7F}.Debug|Any CPU.ActiveCfg = Debug|Any CPU
		{5EF4C358-A674-420F-A2B6-DD1C7394DC7F}.Debug|Any CPU.Build.0 = Debug|Any CPU
		{5EF4C358-A674-420F-A2B6-DD1C7394DC7F}.Release|Any CPU.ActiveCfg = Release|Any CPU
		{5EF4C358-A674-420F-A2B6-DD1C7394DC7F}.Release|Any CPU.Build.0 = Release|Any CPU
		{457C0C75-EB57-4FAD-9F93-06FAE88BE390}.Debug|Any CPU.ActiveCfg = Debug|Any CPU
		{457C0C75-EB57-4FAD-9F93-06FAE88BE390}.Debug|Any CPU.Build.0 = Debug|Any CPU
		{457C0C75-EB57-4FAD-9F93-06FAE88BE390}.Release|Any CPU.ActiveCfg = Release|Any CPU
		{457C0C75-EB57-4FAD-9F93-06FAE88BE390}.Release|Any CPU.Build.0 = Release|Any CPU
		{40C879E7-72D8-4B86-B3D6-3C8D0AF275D0}.Debug|Any CPU.ActiveCfg = Debug|Any CPU
		{40C879E7-72D8-4B86-B3D6-3C8D0AF275D0}.Debug|Any CPU.Build.0 = Debug|Any CPU
		{40C879E7-72D8-4B86-B3D6-3C8D0AF275D0}.Release|Any CPU.ActiveCfg = Release|Any CPU
		{40C879E7-72D8-4B86-B3D6-3C8D0AF275D0}.Release|Any CPU.Build.0 = Release|Any CPU
		{32587FBB-E9CC-4BCF-B05C-5E9BF1B88586}.Debug|Any CPU.ActiveCfg = Debug|Any CPU
		{32587FBB-E9CC-4BCF-B05C-5E9BF1B88586}.Debug|Any CPU.Build.0 = Debug|Any CPU
		{32587FBB-E9CC-4BCF-B05C-5E9BF1B88586}.Release|Any CPU.ActiveCfg = Release|Any CPU
		{32587FBB-E9CC-4BCF-B05C-5E9BF1B88586}.Release|Any CPU.Build.0 = Release|Any CPU
		{D9C00074-9FA8-4127-A3BB-1CEC8F5A16D9}.Debug|Any CPU.ActiveCfg = Debug|Any CPU
		{D9C00074-9FA8-4127-A3BB-1CEC8F5A16D9}.Debug|Any CPU.Build.0 = Debug|Any CPU
		{D9C00074-9FA8-4127-A3BB-1CEC8F5A16D9}.Release|Any CPU.ActiveCfg = Release|Any CPU
		{D9C00074-9FA8-4127-A3BB-1CEC8F5A16D9}.Release|Any CPU.Build.0 = Release|Any CPU
		{8F2021EE-32E8-48E5-9B39-C8534679A9EF}.Debug|Any CPU.ActiveCfg = Debug|Any CPU
		{8F2021EE-32E8-48E5-9B39-C8534679A9EF}.Debug|Any CPU.Build.0 = Debug|Any CPU
		{8F2021EE-32E8-48E5-9B39-C8534679A9EF}.Release|Any CPU.ActiveCfg = Release|Any CPU
		{8F2021EE-32E8-48E5-9B39-C8534679A9EF}.Release|Any CPU.Build.0 = Release|Any CPU
		{1F98599E-6376-471D-89D1-D2E5097A41AB}.Debug|Any CPU.ActiveCfg = Debug|Any CPU
		{1F98599E-6376-471D-89D1-D2E5097A41AB}.Debug|Any CPU.Build.0 = Debug|Any CPU
		{1F98599E-6376-471D-89D1-D2E5097A41AB}.Release|Any CPU.ActiveCfg = Release|Any CPU
		{1F98599E-6376-471D-89D1-D2E5097A41AB}.Release|Any CPU.Build.0 = Release|Any CPU
		{911F774C-7284-4C0E-875C-AF458D3C8A76}.Debug|Any CPU.ActiveCfg = Debug|Any CPU
		{911F774C-7284-4C0E-875C-AF458D3C8A76}.Debug|Any CPU.Build.0 = Debug|Any CPU
		{911F774C-7284-4C0E-875C-AF458D3C8A76}.Release|Any CPU.ActiveCfg = Release|Any CPU
		{911F774C-7284-4C0E-875C-AF458D3C8A76}.Release|Any CPU.Build.0 = Release|Any CPU
		{759BED2A-A297-4FB2-87C6-4D3F21C75BBD}.Debug|Any CPU.ActiveCfg = Debug|Any CPU
		{759BED2A-A297-4FB2-87C6-4D3F21C75BBD}.Debug|Any CPU.Build.0 = Debug|Any CPU
		{759BED2A-A297-4FB2-87C6-4D3F21C75BBD}.Release|Any CPU.ActiveCfg = Release|Any CPU
		{759BED2A-A297-4FB2-87C6-4D3F21C75BBD}.Release|Any CPU.Build.0 = Release|Any CPU
		{79CE25FE-D313-470B-8703-CB9A85880229}.Debug|Any CPU.ActiveCfg = Debug|Any CPU
		{79CE25FE-D313-470B-8703-CB9A85880229}.Debug|Any CPU.Build.0 = Debug|Any CPU
		{79CE25FE-D313-470B-8703-CB9A85880229}.Release|Any CPU.ActiveCfg = Release|Any CPU
		{79CE25FE-D313-470B-8703-CB9A85880229}.Release|Any CPU.Build.0 = Release|Any CPU
		{26CEF36D-4418-4EED-9FB0-381261EBE6BC}.Debug|Any CPU.ActiveCfg = Debug|Any CPU
		{26CEF36D-4418-4EED-9FB0-381261EBE6BC}.Debug|Any CPU.Build.0 = Debug|Any CPU
		{26CEF36D-4418-4EED-9FB0-381261EBE6BC}.Release|Any CPU.ActiveCfg = Release|Any CPU
		{26CEF36D-4418-4EED-9FB0-381261EBE6BC}.Release|Any CPU.Build.0 = Release|Any CPU
	EndGlobalSection
	GlobalSection(SolutionProperties) = preSolution
		HideSolutionNode = FALSE
	EndGlobalSection
	GlobalSection(NestedProjects) = preSolution
		{40C879E7-72D8-4B86-B3D6-3C8D0AF275D0} = {BE7CB6BA-D691-42BA-9BD2-2D0EC10D82C2}
		{32587FBB-E9CC-4BCF-B05C-5E9BF1B88586} = {610EB8A2-C763-423B-A4A7-755458ADAAEB}
		{3048BCEB-890A-4014-BD71-F3979E53E1DA} = {BE7CB6BA-D691-42BA-9BD2-2D0EC10D82C2}
		{5EF4C358-A674-420F-A2B6-DD1C7394DC7F} = {3048BCEB-890A-4014-BD71-F3979E53E1DA}
		{8F2021EE-32E8-48E5-9B39-C8534679A9EF} = {3048BCEB-890A-4014-BD71-F3979E53E1DA}
		{1F98599E-6376-471D-89D1-D2E5097A41AB} = {3048BCEB-890A-4014-BD71-F3979E53E1DA}
		{4A8FD09A-8AF6-4173-83CE-C125B0F5E704} = {BE7CB6BA-D691-42BA-9BD2-2D0EC10D82C2}
		{D9C00074-9FA8-4127-A3BB-1CEC8F5A16D9} = {4A8FD09A-8AF6-4173-83CE-C125B0F5E704}
		{3F571606-23E5-4817-9FC1-1AA15EDA9981} = {BE7CB6BA-D691-42BA-9BD2-2D0EC10D82C2}
		{457C0C75-EB57-4FAD-9F93-06FAE88BE390} = {3F571606-23E5-4817-9FC1-1AA15EDA9981}
		{911F774C-7284-4C0E-875C-AF458D3C8A76} = {4A8FD09A-8AF6-4173-83CE-C125B0F5E704}
		{759BED2A-A297-4FB2-87C6-4D3F21C75BBD} = {4A8FD09A-8AF6-4173-83CE-C125B0F5E704}
		{79CE25FE-D313-470B-8703-CB9A85880229} = {3F571606-23E5-4817-9FC1-1AA15EDA9981}
		{26CEF36D-4418-4EED-9FB0-381261EBE6BC} = {3F571606-23E5-4817-9FC1-1AA15EDA9981}
	EndGlobalSection
	GlobalSection(ExtensibilityGlobals) = postSolution
		SolutionGuid = {058B6F45-0616-4760-87BA-A79471A61C06}
	EndGlobalSection
EndGlobal
