
Microsoft Visual Studio Solution File, Format Version 12.00
# Visual Studio Version 17
VisualStudioVersion = 17.8.34309.116
MinimumVisualStudioVersion = 10.0.40219.1
Project("{2150E333-8FDC-42A3-9474-1A3956D46DE8}") = "ApiGateway", "ApiGateway", "{610EB8A2-C763-423B-A4A7-755458ADAAEB}"
EndProject
Project("{2150E333-8FDC-42A3-9474-1A3956D46DE8}") = "Services", "Services", "{BE7CB6BA-D691-42BA-9BD2-2D0EC10D82C2}"
EndProject
Project("{E53339B2-1760-4266-BCC7-CA923CBCF16C}") = "docker-compose", "docker-compose.dcproj", "{93869F34-30A6-4EE5-B75B-B71FBD3B80E4}"
EndProject
Project("{9A19103F-16F7-4668-BE54-9A1E7A4F7556}") = "Catalog.API", "Services\Catalog.API\Catalog.API.csproj", "{5EF4C358-A674-420F-A2B6-DD1C7394DC7F}"
EndProject
Project("{9A19103F-16F7-4668-BE54-9A1E7A4F7556}") = "UserCard.API", "Services\UserCard.API\UserCard.API.csproj", "{457C0C75-EB57-4FAD-9F93-06FAE88BE390}"
EndProject
Project("{9A19103F-16F7-4668-BE54-9A1E7A4F7556}") = "Discount.API", "Services\Discount.API\Discount.API.csproj", "{97E708FE-6C42-4675-AD61-1393124FD0AA}"
EndProject
Project("{9A19103F-16F7-4668-BE54-9A1E7A4F7556}") = "Basket.API", "Services\Basket.API\Basket.API.csproj", "{40C879E7-72D8-4B86-B3D6-3C8D0AF275D0}"
EndProject
Project("{FAE04EC0-301F-11D3-BF4B-00C04F79EFBC}") = "OcelotAPIGateway", "ApiGateway\OcelotAPIGateway\OcelotAPIGateway.csproj", "{32587FBB-E9CC-4BCF-B05C-5E9BF1B88586}"
EndProject
Project("{2150E333-8FDC-42A3-9474-1A3956D46DE8}") = "Angular", "Angular", "{171F2ADA-1F8C-4790-B171-3CF551BEA6BA}"
EndProject
Project("{FAE04EC0-301F-11D3-BF4B-00C04F79EFBC}") = "User.API", "Services\User.API\User.API.csproj", "{D9C00074-9FA8-4127-A3BB-1CEC8F5A16D9}"
EndProject
Project("{2150E333-8FDC-42A3-9474-1A3956D46DE8}") = "BuildingBlocks", "BuildingBlocks", "{C4779E7A-DFD2-4009-A493-2C01A7506458}"
EndProject
Project("{FAE04EC0-301F-11D3-BF4B-00C04F79EFBC}") = "BuildingBlocks", "BuildingBlocks\BuildingBlocks\BuildingBlocks.csproj", "{9393CBEE-DD60-416D-9558-94C211E7FA11}"
EndProject
Project("{FAE04EC0-301F-11D3-BF4B-00C04F79EFBC}") = "BuildingBlocks.Messaging", "BuildingBlocks\BuildingBlocks.Messaging\BuildingBlocks.Messaging.csproj", "{A406519D-3A14-402F-B524-5AB6FB76A587}"
EndProject
Global
	GlobalSection(SolutionConfigurationPlatforms) = preSolution
		Debug|Any CPU = Debug|Any CPU
		Release|Any CPU = Release|Any CPU
	EndGlobalSection
	GlobalSection(ProjectConfigurationPlatforms) = postSolution
		{93869F34-30A6-4EE5-B75B-B71FBD3B80E4}.Debug|Any CPU.ActiveCfg = Debug|Any CPU
		{93869F34-30A6-4EE5-B75B-B71FBD3B80E4}.Debug|Any CPU.Build.0 = Debug|Any CPU
		{93869F34-30A6-4EE5-B75B-B71FBD3B80E4}.Release|Any CPU.ActiveCfg = Release|Any CPU
		{93869F34-30A6-4EE5-B75B-B71FBD3B80E4}.Release|Any CPU.Build.0 = Release|Any CPU
		{5EF4C358-A674-420F-A2B6-DD1C7394DC7F}.Debug|Any CPU.ActiveCfg = Debug|Any CPU
		{5EF4C358-A674-420F-A2B6-DD1C7394DC7F}.Debug|Any CPU.Build.0 = Debug|Any CPU
		{5EF4C358-A674-420F-A2B6-DD1C7394DC7F}.Release|Any CPU.ActiveCfg = Release|Any CPU
		{5EF4C358-A674-420F-A2B6-DD1C7394DC7F}.Release|Any CPU.Build.0 = Release|Any CPU
		{457C0C75-EB57-4FAD-9F93-06FAE88BE390}.Debug|Any CPU.ActiveCfg = Debug|Any CPU
		{457C0C75-EB57-4FAD-9F93-06FAE88BE390}.Debug|Any CPU.Build.0 = Debug|Any CPU
		{457C0C75-EB57-4FAD-9F93-06FAE88BE390}.Release|Any CPU.ActiveCfg = Release|Any CPU
		{457C0C75-EB57-4FAD-9F93-06FAE88BE390}.Release|Any CPU.Build.0 = Release|Any CPU
		{97E708FE-6C42-4675-AD61-1393124FD0AA}.Debug|Any CPU.ActiveCfg = Debug|Any CPU
		{97E708FE-6C42-4675-AD61-1393124FD0AA}.Debug|Any CPU.Build.0 = Debug|Any CPU
		{97E708FE-6C42-4675-AD61-1393124FD0AA}.Release|Any CPU.ActiveCfg = Release|Any CPU
		{97E708FE-6C42-4675-AD61-1393124FD0AA}.Release|Any CPU.Build.0 = Release|Any CPU
		{40C879E7-72D8-4B86-B3D6-3C8D0AF275D0}.Debug|Any CPU.ActiveCfg = Debug|Any CPU
		{40C879E7-72D8-4B86-B3D6-3C8D0AF275D0}.Debug|Any CPU.Build.0 = Debug|Any CPU
		{40C879E7-72D8-4B86-B3D6-3C8D0AF275D0}.Release|Any CPU.ActiveCfg = Release|Any CPU
		{40C879E7-72D8-4B86-B3D6-3C8D0AF275D0}.Release|Any CPU.Build.0 = Release|Any CPU
		{32587FBB-E9CC-4BCF-B05C-5E9BF1B88586}.Debug|Any CPU.ActiveCfg = Debug|Any CPU
		{32587FBB-E9CC-4BCF-B05C-5E9BF1B88586}.Debug|Any CPU.Build.0 = Debug|Any CPU
		{32587FBB-E9CC-4BCF-B05C-5E9BF1B88586}.Release|Any CPU.ActiveCfg = Release|Any CPU
		{32587FBB-E9CC-4BCF-B05C-5E9BF1B88586}.Release|Any CPU.Build.0 = Release|Any CPU
		{D9C00074-9FA8-4127-A3BB-1CEC8F5A16D9}.Debug|Any CPU.ActiveCfg = Debug|Any CPU
		{D9C00074-9FA8-4127-A3BB-1CEC8F5A16D9}.Debug|Any CPU.Build.0 = Debug|Any CPU
		{D9C00074-9FA8-4127-A3BB-1CEC8F5A16D9}.Release|Any CPU.ActiveCfg = Release|Any CPU
		{D9C00074-9FA8-4127-A3BB-1CEC8F5A16D9}.Release|Any CPU.Build.0 = Release|Any CPU
		{9393CBEE-DD60-416D-9558-94C211E7FA11}.Debug|Any CPU.ActiveCfg = Debug|Any CPU
		{9393CBEE-DD60-416D-9558-94C211E7FA11}.Debug|Any CPU.Build.0 = Debug|Any CPU
		{9393CBEE-DD60-416D-9558-94C211E7FA11}.Release|Any CPU.ActiveCfg = Release|Any CPU
		{9393CBEE-DD60-416D-9558-94C211E7FA11}.Release|Any CPU.Build.0 = Release|Any CPU
		{A406519D-3A14-402F-B524-5AB6FB76A587}.Debug|Any CPU.ActiveCfg = Debug|Any CPU
		{A406519D-3A14-402F-B524-5AB6FB76A587}.Debug|Any CPU.Build.0 = Debug|Any CPU
		{A406519D-3A14-402F-B524-5AB6FB76A587}.Release|Any CPU.ActiveCfg = Release|Any CPU
		{A406519D-3A14-402F-B524-5AB6FB76A587}.Release|Any CPU.Build.0 = Release|Any CPU
	EndGlobalSection
	GlobalSection(SolutionProperties) = preSolution
		HideSolutionNode = FALSE
	EndGlobalSection
	GlobalSection(NestedProjects) = preSolution
		{5EF4C358-A674-420F-A2B6-DD1C7394DC7F} = {BE7CB6BA-D691-42BA-9BD2-2D0EC10D82C2}
		{457C0C75-EB57-4FAD-9F93-06FAE88BE390} = {BE7CB6BA-D691-42BA-9BD2-2D0EC10D82C2}
		{97E708FE-6C42-4675-AD61-1393124FD0AA} = {BE7CB6BA-D691-42BA-9BD2-2D0EC10D82C2}
		{40C879E7-72D8-4B86-B3D6-3C8D0AF275D0} = {BE7CB6BA-D691-42BA-9BD2-2D0EC10D82C2}
		{32587FBB-E9CC-4BCF-B05C-5E9BF1B88586} = {610EB8A2-C763-423B-A4A7-755458ADAAEB}
		{D9C00074-9FA8-4127-A3BB-1CEC8F5A16D9} = {BE7CB6BA-D691-42BA-9BD2-2D0EC10D82C2}
		{9393CBEE-DD60-416D-9558-94C211E7FA11} = {C4779E7A-DFD2-4009-A493-2C01A7506458}
		{A406519D-3A14-402F-B524-5AB6FB76A587} = {C4779E7A-DFD2-4009-A493-2C01A7506458}
	EndGlobalSection
	GlobalSection(ExtensibilityGlobals) = postSolution
		SolutionGuid = {058B6F45-0616-4760-87BA-A79471A61C06}
	EndGlobalSection
EndGlobal
